hash: 5c99a192912f6eadfbe5355a11011fee7d6dc128f63ff7d972bcdc49a50864bb
updated: 2016-07-02T01:54:23.6598234+01:00
imports:
- name: github.com/goware/urlx
  version: 86bdc24560383254e8b977da31a823eddf904409
- name: github.com/PuerkitoBio/purell
  version: 1d5d1cfad45d42ec5f81fa8ef23de09cebc6dcc3
- name: github.com/PuerkitoBio/urlesc
  version: 5fa9ff0392746aeae1c4b37fcc42c65afa7a9587
- name: golang.org/x/net
  version: b400c2eff1badec7022a8c8f5bea058b6315eed7
  subpackages:
  - idna
devImports: []
